
Microsoft Visual Studio Solution File, Format Version 12.00
# Visual Studio Version 16
VisualStudioVersion = 16.0.29102.190
MinimumVisualStudioVersion = 10.0.40219.1
Project("{FAE04EC0-301F-11D3-BF4B-00C04F79EFBC}") = "WebSolutionForModelPharmacies", "WebSolutionForModelPharmacies.csproj", "{DFACBC17-9469-4DA1-8C78-969B0F78997C}"
EndProject
Global
	GlobalSection(SolutionConfigurationPlatforms) = preSolution
		Debug|Any CPU = Debug|Any CPU
		Release|Any CPU = Release|Any CPU
	EndGlobalSection
	GlobalSection(ProjectConfigurationPlatforms) = postSolution
		{DFACBC17-9469-4DA1-8C78-969B0F78997C}.Debug|Any CPU.ActiveCfg = Debug|Any CPU
		{DFACBC17-9469-4DA1-8C78-969B0F78997C}.Debug|Any CPU.Build.0 = Debug|Any CPU
		{DFACBC17-9469-4DA1-8C78-969B0F78997C}.Release|Any CPU.ActiveCfg = Release|Any CPU
		{DFACBC17-9469-4DA1-8C78-969B0F78997C}.Release|Any CPU.Build.0 = Release|Any CPU
	EndGlobalSection
	GlobalSection(SolutionProperties) = preSolution
		HideSolutionNode = FALSE
	EndGlobalSection
	GlobalSection(ExtensibilityGlobals) = postSolution
		SolutionGuid = {6081FD07-548A-4929-83F6-027C56888A59}
	EndGlobalSection
EndGlobal
